
Microsoft Visual Studio Solution File, Format Version 12.00
# Visual Studio Version 17
VisualStudioVersion = 17.7.34031.279
MinimumVisualStudioVersion = 10.0.40219.1
Project("{888888A0-9F3D-457C-B088-3A5042F75D52}") = "Урок 6, задание 1", "Урок 6, задание 1.pyproj", "{8402FD69-B4BA-448C-87E6-C3BACA2D391F}"
EndProject
Global
	GlobalSection(SolutionConfigurationPlatforms) = preSolution
		Debug|Any CPU = Debug|Any CPU
		Release|Any CPU = Release|Any CPU
	EndGlobalSection
	GlobalSection(ProjectConfigurationPlatforms) = postSolution
		{8402FD69-B4BA-448C-87E6-C3BACA2D391F}.Debug|Any CPU.ActiveCfg = Debug|Any CPU
		{8402FD69-B4BA-448C-87E6-C3BACA2D391F}.Release|Any CPU.ActiveCfg = Release|Any CPU
	EndGlobalSection
	GlobalSection(SolutionProperties) = preSolution
		HideSolutionNode = FALSE
	EndGlobalSection
	GlobalSection(ExtensibilityGlobals) = postSolution
		SolutionGuid = {FDBDCB5F-C4ED-41A6-982C-139D6BBFE1BF}
	EndGlobalSection
EndGlobal
